
Microsoft Visual Studio Solution File, Format Version 12.00
# Visual Studio 15
Project("{FAE04EC0-301F-11D3-BF4B-00C04F79EFBC}") = "PlayFab", "PlayFab.csproj", "{7EBAD903-8908-F942-9E01-35B146A33AB7}"
EndProject
Project("{FAE04EC0-301F-11D3-BF4B-00C04F79EFBC}") = "Project51.Gameplay", "Project51.Gameplay.csproj", "{B4B76BBC-EC57-0726-C3C9-1D847524FBBC}"
EndProject
Project("{FAE04EC0-301F-11D3-BF4B-00C04F79EFBC}") = "PhotonChat", "PhotonChat.csproj", "{037A4E31-F369-456B-262D-92E7A30A1B9B}"
EndProject
Project("{FAE04EC0-301F-11D3-BF4B-00C04F79EFBC}") = "PhotonUnityNetworking.Demos", "PhotonUnityNetworking.Demos.csproj", "{7AD730B8-8C09-5A40-8396-E455AE26973E}"
EndProject
Project("{FAE04EC0-301F-11D3-BF4B-00C04F79EFBC}") = "Google.Play.Games", "Google.Play.Games.csproj", "{642083BA-8F89-8670-E70F-21B1348CB086}"
EndProject
Project("{FAE04EC0-301F-11D3-BF4B-00C04F79EFBC}") = "Assembly-CSharp-Editor", "Assembly-CSharp-Editor.csproj", "{024587FC-86BF-81FB-0461-EDE08D4A36AB}"
EndProject
Project("{FAE04EC0-301F-11D3-BF4B-00C04F79EFBC}") = "Assembly-CSharp", "Assembly-CSharp.csproj", "{4E26570B-F536-5E74-38BF-492038EB5A70}"
EndProject
Project("{FAE04EC0-301F-11D3-BF4B-00C04F79EFBC}") = "PhotonRealtime", "PhotonRealtime.csproj", "{0EAB592F-A617-E9C3-30B5-9A8C7D8A30A0}"
EndProject
Project("{FAE04EC0-301F-11D3-BF4B-00C04F79EFBC}") = "Project51.Core", "Project51.Core.csproj", "{BE2221EA-6FF8-4AE0-3D75-1BC93DA0046E}"
EndProject
Project("{FAE04EC0-301F-11D3-BF4B-00C04F79EFBC}") = "PhotonUnityNetworking.Editor", "PhotonUnityNetworking.Editor.csproj", "{6BA762F3-F35B-CD52-E8A7-C7529D9373B2}"
EndProject
Project("{FAE04EC0-301F-11D3-BF4B-00C04F79EFBC}") = "ParrelSync", "ParrelSync.csproj", "{59BC8DF0-F736-0AE3-39E9-FFCD94194E02}"
EndProject
Project("{FAE04EC0-301F-11D3-BF4B-00C04F79EFBC}") = "PlayFabEditorExtensions", "PlayFabEditorExtensions.csproj", "{80DB405C-83C8-3107-210B-575EEC107D2B}"
EndProject
Project("{FAE04EC0-301F-11D3-BF4B-00C04F79EFBC}") = "PhotonUnityNetworking", "PhotonUnityNetworking.csproj", "{A845AAD8-A4F2-CFCD-2F62-A7405871A929}"
EndProject
Project("{FAE04EC0-301F-11D3-BF4B-00C04F79EFBC}") = "Google.Play.Games.Editor", "Google.Play.Games.Editor.csproj", "{72CB8C04-FA16-5BDE-9829-857A273D4927}"
EndProject
Project("{FAE04EC0-301F-11D3-BF4B-00C04F79EFBC}") = "DOTween.Modules", "DOTween.Modules.csproj", "{EDAD4455-1BF2-C0E9-0511-8DF1B3E22B5F}"
EndProject
Project("{FAE04EC0-301F-11D3-BF4B-00C04F79EFBC}") = "PhotonUnityNetworking.Utilities.PhotonPlayer.Editor", "PhotonUnityNetworking.Utilities.PhotonPlayer.Editor.csproj", "{284E85E8-B56E-D88C-FCCC-E8DDC393FAFC}"
EndProject
Project("{FAE04EC0-301F-11D3-BF4B-00C04F79EFBC}") = "PlayFabSDKEditor", "PlayFabSDKEditor.csproj", "{015AFB77-9603-058D-69DF-557FD645D7A0}"
EndProject
Project("{FAE04EC0-301F-11D3-BF4B-00C04F79EFBC}") = "PhotonUnityNetworking.Utilities", "PhotonUnityNetworking.Utilities.csproj", "{F44D05DD-6E81-8FA4-2408-5934C49A1211}"
EndProject
Project("{FAE04EC0-301F-11D3-BF4B-00C04F79EFBC}") = "PunDemos.DemoSlotcarEditor", "PunDemos.DemoSlotcarEditor.csproj", "{496C720A-38E9-8D23-1B08-9CC1C3C8CB03}"
EndProject
Project("{FAE04EC0-301F-11D3-BF4B-00C04F79EFBC}") = "PhotonUnityNetworking.Utilities.Culling.Editor", "PhotonUnityNetworking.Utilities.Culling.Editor.csproj", "{F0464E41-5FF4-7280-4B3B-F0901B9CEF2F}"
EndProject
Project("{FAE04EC0-301F-11D3-BF4B-00C04F79EFBC}") = "PunDemos.DemoHubEditor", "PunDemos.DemoHubEditor.csproj", "{5FDDCF30-0908-1D5C-7E85-05D3D60C3935}"
EndProject
Global
	GlobalSection(SolutionConfigurationPlatforms) = preSolution
		Debug|Any CPU = Debug|Any CPU
		Release|Any CPU = Release|Any CPU
	EndGlobalSection
	GlobalSection(ProjectConfigurationPlatforms) = postSolution
		{7EBAD903-8908-F942-9E01-35B146A33AB7}.Debug|Any CPU.ActiveCfg = Debug|Any CPU
		{7EBAD903-8908-F942-9E01-35B146A33AB7}.Debug|Any CPU.Build.0 = Debug|Any CPU
		{7EBAD903-8908-F942-9E01-35B146A33AB7}.Release|Any CPU.ActiveCfg = Release|Any CPU
		{7EBAD903-8908-F942-9E01-35B146A33AB7}.Release|Any CPU.Build.0 = Release|Any CPU
		{B4B76BBC-EC57-0726-C3C9-1D847524FBBC}.Debug|Any CPU.ActiveCfg = Debug|Any CPU
		{B4B76BBC-EC57-0726-C3C9-1D847524FBBC}.Debug|Any CPU.Build.0 = Debug|Any CPU
		{B4B76BBC-EC57-0726-C3C9-1D847524FBBC}.Release|Any CPU.ActiveCfg = Release|Any CPU
		{B4B76BBC-EC57-0726-C3C9-1D847524FBBC}.Release|Any CPU.Build.0 = Release|Any CPU
		{037A4E31-F369-456B-262D-92E7A30A1B9B}.Debug|Any CPU.ActiveCfg = Debug|Any CPU
		{037A4E31-F369-456B-262D-92E7A30A1B9B}.Debug|Any CPU.Build.0 = Debug|Any CPU
		{037A4E31-F369-456B-262D-92E7A30A1B9B}.Release|Any CPU.ActiveCfg = Release|Any CPU
		{037A4E31-F369-456B-262D-92E7A30A1B9B}.Release|Any CPU.Build.0 = Release|Any CPU
		{7AD730B8-8C09-5A40-8396-E455AE26973E}.Debug|Any CPU.ActiveCfg = Debug|Any CPU
		{7AD730B8-8C09-5A40-8396-E455AE26973E}.Debug|Any CPU.Build.0 = Debug|Any CPU
		{7AD730B8-8C09-5A40-8396-E455AE26973E}.Release|Any CPU.ActiveCfg = Release|Any CPU
		{7AD730B8-8C09-5A40-8396-E455AE26973E}.Release|Any CPU.Build.0 = Release|Any CPU
		{642083BA-8F89-8670-E70F-21B1348CB086}.Debug|Any CPU.ActiveCfg = Debug|Any CPU
		{642083BA-8F89-8670-E70F-21B1348CB086}.Debug|Any CPU.Build.0 = Debug|Any CPU
		{642083BA-8F89-8670-E70F-21B1348CB086}.Release|Any CPU.ActiveCfg = Release|Any CPU
		{642083BA-8F89-8670-E70F-21B1348CB086}.Release|Any CPU.Build.0 = Release|Any CPU
		{024587FC-86BF-81FB-0461-EDE08D4A36AB}.Debug|Any CPU.ActiveCfg = Debug|Any CPU
		{024587FC-86BF-81FB-0461-EDE08D4A36AB}.Debug|Any CPU.Build.0 = Debug|Any CPU
		{024587FC-86BF-81FB-0461-EDE08D4A36AB}.Release|Any CPU.ActiveCfg = Release|Any CPU
		{024587FC-86BF-81FB-0461-EDE08D4A36AB}.Release|Any CPU.Build.0 = Release|Any CPU
		{4E26570B-F536-5E74-38BF-492038EB5A70}.Debug|Any CPU.ActiveCfg = Debug|Any CPU
		{4E26570B-F536-5E74-38BF-492038EB5A70}.Debug|Any CPU.Build.0 = Debug|Any CPU
		{4E26570B-F536-5E74-38BF-492038EB5A70}.Release|Any CPU.ActiveCfg = Release|Any CPU
		{4E26570B-F536-5E74-38BF-492038EB5A70}.Release|Any CPU.Build.0 = Release|Any CPU
		{0EAB592F-A617-E9C3-30B5-9A8C7D8A30A0}.Debug|Any CPU.ActiveCfg = Debug|Any CPU
		{0EAB592F-A617-E9C3-30B5-9A8C7D8A30A0}.Debug|Any CPU.Build.0 = Debug|Any CPU
		{0EAB592F-A617-E9C3-30B5-9A8C7D8A30A0}.Release|Any CPU.ActiveCfg = Release|Any CPU
		{0EAB592F-A617-E9C3-30B5-9A8C7D8A30A0}.Release|Any CPU.Build.0 = Release|Any CPU
		{BE2221EA-6FF8-4AE0-3D75-1BC93DA0046E}.Debug|Any CPU.ActiveCfg = Debug|Any CPU
		{BE2221EA-6FF8-4AE0-3D75-1BC93DA0046E}.Debug|Any CPU.Build.0 = Debug|Any CPU
		{BE2221EA-6FF8-4AE0-3D75-1BC93DA0046E}.Release|Any CPU.ActiveCfg = Release|Any CPU
		{BE2221EA-6FF8-4AE0-3D75-1BC93DA0046E}.Release|Any CPU.Build.0 = Release|Any CPU
		{6BA762F3-F35B-CD52-E8A7-C7529D9373B2}.Debug|Any CPU.ActiveCfg = Debug|Any CPU
		{6BA762F3-F35B-CD52-E8A7-C7529D9373B2}.Debug|Any CPU.Build.0 = Debug|Any CPU
		{6BA762F3-F35B-CD52-E8A7-C7529D9373B2}.Release|Any CPU.ActiveCfg = Release|Any CPU
		{6BA762F3-F35B-CD52-E8A7-C7529D9373B2}.Release|Any CPU.Build.0 = Release|Any CPU
		{59BC8DF0-F736-0AE3-39E9-FFCD94194E02}.Debug|Any CPU.ActiveCfg = Debug|Any CPU
		{59BC8DF0-F736-0AE3-39E9-FFCD94194E02}.Debug|Any CPU.Build.0 = Debug|Any CPU
		{59BC8DF0-F736-0AE3-39E9-FFCD94194E02}.Release|Any CPU.ActiveCfg = Release|Any CPU
		{59BC8DF0-F736-0AE3-39E9-FFCD94194E02}.Release|Any CPU.Build.0 = Release|Any CPU
		{80DB405C-83C8-3107-210B-575EEC107D2B}.Debug|Any CPU.ActiveCfg = Debug|Any CPU
		{80DB405C-83C8-3107-210B-575EEC107D2B}.Debug|Any CPU.Build.0 = Debug|Any CPU
		{80DB405C-83C8-3107-210B-575EEC107D2B}.Release|Any CPU.ActiveCfg = Release|Any CPU
		{80DB405C-83C8-3107-210B-575EEC107D2B}.Release|Any CPU.Build.0 = Release|Any CPU
		{A845AAD8-A4F2-CFCD-2F62-A7405871A929}.Debug|Any CPU.ActiveCfg = Debug|Any CPU
		{A845AAD8-A4F2-CFCD-2F62-A7405871A929}.Debug|Any CPU.Build.0 = Debug|Any CPU
		{A845AAD8-A4F2-CFCD-2F62-A7405871A929}.Release|Any CPU.ActiveCfg = Release|Any CPU
		{A845AAD8-A4F2-CFCD-2F62-A7405871A929}.Release|Any CPU.Build.0 = Release|Any CPU
		{72CB8C04-FA16-5BDE-9829-857A273D4927}.Debug|Any CPU.ActiveCfg = Debug|Any CPU
		{72CB8C04-FA16-5BDE-9829-857A273D4927}.Debug|Any CPU.Build.0 = Debug|Any CPU
		{72CB8C04-FA16-5BDE-9829-857A273D4927}.Release|Any CPU.ActiveCfg = Release|Any CPU
		{72CB8C04-FA16-5BDE-9829-857A273D4927}.Release|Any CPU.Build.0 = Release|Any CPU
		{EDAD4455-1BF2-C0E9-0511-8DF1B3E22B5F}.Debug|Any CPU.ActiveCfg = Debug|Any CPU
		{EDAD4455-1BF2-C0E9-0511-8DF1B3E22B5F}.Debug|Any CPU.Build.0 = Debug|Any CPU
		{EDAD4455-1BF2-C0E9-0511-8DF1B3E22B5F}.Release|Any CPU.ActiveCfg = Release|Any CPU
		{EDAD4455-1BF2-C0E9-0511-8DF1B3E22B5F}.Release|Any CPU.Build.0 = Release|Any CPU
		{284E85E8-B56E-D88C-FCCC-E8DDC393FAFC}.Debug|Any CPU.ActiveCfg = Debug|Any CPU
		{284E85E8-B56E-D88C-FCCC-E8DDC393FAFC}.Debug|Any CPU.Build.0 = Debug|Any CPU
		{284E85E8-B56E-D88C-FCCC-E8DDC393FAFC}.Release|Any CPU.ActiveCfg = Release|Any CPU
		{284E85E8-B56E-D88C-FCCC-E8DDC393FAFC}.Release|Any CPU.Build.0 = Release|Any CPU
		{015AFB77-9603-058D-69DF-557FD645D7A0}.Debug|Any CPU.ActiveCfg = Debug|Any CPU
		{015AFB77-9603-058D-69DF-557FD645D7A0}.Debug|Any CPU.Build.0 = Debug|Any CPU
		{015AFB77-9603-058D-69DF-557FD645D7A0}.Release|Any CPU.ActiveCfg = Release|Any CPU
		{015AFB77-9603-058D-69DF-557FD645D7A0}.Release|Any CPU.Build.0 = Release|Any CPU
		{F44D05DD-6E81-8FA4-2408-5934C49A1211}.Debug|Any CPU.ActiveCfg = Debug|Any CPU
		{F44D05DD-6E81-8FA4-2408-5934C49A1211}.Debug|Any CPU.Build.0 = Debug|Any CPU
		{F44D05DD-6E81-8FA4-2408-5934C49A1211}.Release|Any CPU.ActiveCfg = Release|Any CPU
		{F44D05DD-6E81-8FA4-2408-5934C49A1211}.Release|Any CPU.Build.0 = Release|Any CPU
		{496C720A-38E9-8D23-1B08-9CC1C3C8CB03}.Debug|Any CPU.ActiveCfg = Debug|Any CPU
		{496C720A-38E9-8D23-1B08-9CC1C3C8CB03}.Debug|Any CPU.Build.0 = Debug|Any CPU
		{496C720A-38E9-8D23-1B08-9CC1C3C8CB03}.Release|Any CPU.ActiveCfg = Release|Any CPU
		{496C720A-38E9-8D23-1B08-9CC1C3C8CB03}.Release|Any CPU.Build.0 = Release|Any CPU
		{F0464E41-5FF4-7280-4B3B-F0901B9CEF2F}.Debug|Any CPU.ActiveCfg = Debug|Any CPU
		{F0464E41-5FF4-7280-4B3B-F0901B9CEF2F}.Debug|Any CPU.Build.0 = Debug|Any CPU
		{F0464E41-5FF4-7280-4B3B-F0901B9CEF2F}.Release|Any CPU.ActiveCfg = Release|Any CPU
		{F0464E41-5FF4-7280-4B3B-F0901B9CEF2F}.Release|Any CPU.Build.0 = Release|Any CPU
		{5FDDCF30-0908-1D5C-7E85-05D3D60C3935}.Debug|Any CPU.ActiveCfg = Debug|Any CPU
		{5FDDCF30-0908-1D5C-7E85-05D3D60C3935}.Debug|Any CPU.Build.0 = Debug|Any CPU
		{5FDDCF30-0908-1D5C-7E85-05D3D60C3935}.Release|Any CPU.ActiveCfg = Release|Any CPU
		{5FDDCF30-0908-1D5C-7E85-05D3D60C3935}.Release|Any CPU.Build.0 = Release|Any CPU
	EndGlobalSection
	GlobalSection(SolutionProperties) = preSolution
		HideSolutionNode = FALSE
	EndGlobalSection
EndGlobal
